{
  "name": "meetnhack",
  "lockfileVersion": 2,
  "requires": true,
  "packages": {
    "": {
      "dependencies": {
        "material": "^0.4.3"
      }
    },
    "node_modules/material": {
      "version": "0.4.3",
      "resolved": "https://registry.npmjs.org/material/-/material-0.4.3.tgz",
      "integrity": "sha512-uZM0D1V6rNNuiKsKKEY+Tf+2i+9FDcl1+eW10Wlta34ILPW3IiLqEZTLNHzq7bVkQFQBMvG8rLl0gmdmwyknkw=="
    }
  },
  "dependencies": {
    "material": {
      "version": "0.4.3",
      "resolved": "https://registry.npmjs.org/material/-/material-0.4.3.tgz",
      "integrity": "sha512-uZM0D1V6rNNuiKsKKEY+Tf+2i+9FDcl1+eW10Wlta34ILPW3IiLqEZTLNHzq7bVkQFQBMvG8rLl0gmdmwyknkw=="
    }
  }
}
